
Microsoft Visual Studio Solution File, Format Version 12.00
# Visual Studio Version 16
VisualStudioVersion = 16.0.31019.35
MinimumVisualStudioVersion = 10.0.40219.1
Project("{FAE04EC0-301F-11D3-BF4B-00C04F79EFBC}") = "ManipulacaodearquivosGL", "ManipulacaodearquivosGL\ManipulacaodearquivosGL.csproj", "{8EF83DEC-6C99-4CDE-B5B8-E8BBEBF479AE}"
EndProject
Global
	GlobalSection(SolutionConfigurationPlatforms) = preSolution
		Debug|Any CPU = Debug|Any CPU
		Release|Any CPU = Release|Any CPU
	EndGlobalSection
	GlobalSection(ProjectConfigurationPlatforms) = postSolution
		{8EF83DEC-6C99-4CDE-B5B8-E8BBEBF479AE}.Debug|Any CPU.ActiveCfg = Debug|Any CPU
		{8EF83DEC-6C99-4CDE-B5B8-E8BBEBF479AE}.Debug|Any CPU.Build.0 = Debug|Any CPU
		{8EF83DEC-6C99-4CDE-B5B8-E8BBEBF479AE}.Release|Any CPU.ActiveCfg = Release|Any CPU
		{8EF83DEC-6C99-4CDE-B5B8-E8BBEBF479AE}.Release|Any CPU.Build.0 = Release|Any CPU
	EndGlobalSection
	GlobalSection(SolutionProperties) = preSolution
		HideSolutionNode = FALSE
	EndGlobalSection
	GlobalSection(ExtensibilityGlobals) = postSolution
		SolutionGuid = {4CD791D7-BEE5-4A1C-9B2B-1F63BC9ABF32}
	EndGlobalSection
EndGlobal
